# This file is automatically @generated by Cargo.
# It is not intended for manual editing.
version = 4

[[package]]
name = "api-gateway"
version = "0.1.0"
dependencies = [
 "eval-algorithms",
 "platform-types",
 "strategy-parser",
]

[[package]]
name = "eval-algorithms"
version = "0.1.0"
dependencies = [
 "platform-types",
]

[[package]]
name = "execution-sim"
version = "0.1.0"
dependencies = [
 "eval-algorithms",
 "platform-types",
]

[[package]]
name = "fundamental-agents"
version = "0.1.0"
dependencies = [
 "eval-algorithms",
 "platform-types",
]

[[package]]
name = "kafka-utils"
version = "0.1.0"
dependencies = [
 "platform-types",
]

[[package]]
name = "paper-trading"
version = "0.1.0"
dependencies = [
 "eval-algorithms",
 "platform-types",
]

[[package]]
name = "platform-types"
version = "0.1.0"

[[package]]
name = "sentiment-agents"
version = "0.1.0"
dependencies = [
 "eval-algorithms",
 "platform-types",
]

[[package]]
name = "strategy-parser"
version = "0.1.0"
dependencies = [
 "platform-types",
]

[[package]]
name = "technical-agents"
version = "0.1.0"
dependencies = [
 "eval-algorithms",
 "platform-types",
]

[[package]]
name = "telemetry-judge"
version = "0.1.0"
dependencies = [
 "eval-algorithms",
 "platform-types",
]
